
Microsoft Visual Studio Solution File, Format Version 12.00
# Visual Studio Version 16
VisualStudioVersion = 16.0.29025.244
MinimumVisualStudioVersion = 10.0.40219.1
Project("{8BC9CEB8-8B4A-11D0-8D11-00A0C91BC942}") = "外卖超人", "外卖超人.vcxproj", "{BF3C0A81-6E3C-4F30-8DBC-4E7618CF397A}"
EndProject
Project("{8BC9CEB8-8B4A-11D0-8D11-00A0C91BC942}") = "ege", "..\ege\ege.vcxproj", "{B45350DB-5B4D-46A3-8C8E-C66351C792C1}"
EndProject
Global
	GlobalSection(SolutionConfigurationPlatforms) = preSolution
		Debug|x64 = Debug|x64
		Debug|x86 = Debug|x86
		Release|x64 = Release|x64
		Release|x86 = Release|x86
	EndGlobalSection
	GlobalSection(ProjectConfigurationPlatforms) = postSolution
		{BF3C0A81-6E3C-4F30-8DBC-4E7618CF397A}.Debug|x64.ActiveCfg = Debug|x64
		{BF3C0A81-6E3C-4F30-8DBC-4E7618CF397A}.Debug|x64.Build.0 = Debug|x64
		{BF3C0A81-6E3C-4F30-8DBC-4E7618CF397A}.Debug|x86.ActiveCfg = Debug|Win32
		{BF3C0A81-6E3C-4F30-8DBC-4E7618CF397A}.Debug|x86.Build.0 = Debug|Win32
		{BF3C0A81-6E3C-4F30-8DBC-4E7618CF397A}.Release|x64.ActiveCfg = Release|x64
		{BF3C0A81-6E3C-4F30-8DBC-4E7618CF397A}.Release|x64.Build.0 = Release|x64
		{BF3C0A81-6E3C-4F30-8DBC-4E7618CF397A}.Release|x86.ActiveCfg = Release|Win32
		{BF3C0A81-6E3C-4F30-8DBC-4E7618CF397A}.Release|x86.Build.0 = Release|Win32
		{B45350DB-5B4D-46A3-8C8E-C66351C792C1}.Debug|x64.ActiveCfg = Debug|x64
		{B45350DB-5B4D-46A3-8C8E-C66351C792C1}.Debug|x64.Build.0 = Debug|x64
		{B45350DB-5B4D-46A3-8C8E-C66351C792C1}.Debug|x86.ActiveCfg = Debug|Win32
		{B45350DB-5B4D-46A3-8C8E-C66351C792C1}.Debug|x86.Build.0 = Debug|Win32
		{B45350DB-5B4D-46A3-8C8E-C66351C792C1}.Release|x64.ActiveCfg = Release|x64
		{B45350DB-5B4D-46A3-8C8E-C66351C792C1}.Release|x64.Build.0 = Release|x64
		{B45350DB-5B4D-46A3-8C8E-C66351C792C1}.Release|x86.ActiveCfg = Release|Win32
		{B45350DB-5B4D-46A3-8C8E-C66351C792C1}.Release|x86.Build.0 = Release|Win32
	EndGlobalSection
	GlobalSection(SolutionProperties) = preSolution
		HideSolutionNode = FALSE
	EndGlobalSection
	GlobalSection(ExtensibilityGlobals) = postSolution
		SolutionGuid = {4CEBFB66-E76E-4056-919C-2AABDD80749C}
	EndGlobalSection
EndGlobal
